<Solution>
  <Folder Name="/Data/">
    <Project Path="Data/CommandAPI.csproj" />
  </Folder>
  <Folder Name="/Tests/">
    <Project Path="Tests/CommandAPI.BasicBuiltIns.Tests/CommandAPI.BasicBuiltIns.Tests.csproj" />
    <Project Path="Tests/CommandAPI.BuiltIns.Tests/CommandAPI.BuiltIns.Tests.csproj" />
    <Project Path="Tests/CommandAPI.Core.Tests/CommandAPI.Core.Tests.csproj" />
    <Project Path="Tests/CommandAPI.Execution.Tests/CommandAPI.Execution.Tests.csproj" />
    <Project Path="Tests/CommandAPI.Registry.Tests/CommandAPI.Registry.Tests.csproj" />
    <Project Path="Tests/CommandAPI.VanillaChat.Tests/CommandAPI.VanillaChat.Tests.csproj" />
  </Folder>
</Solution>
